// !$*UTF8*$!
{
	archiveVersion = 1;
	classes = {
	};
	objectVersion = 46;
	objects = {

/* Begin PBXBuildFile section */
		1171E3FF1BD0E8EF006FBCB9 /* HomeViewController.m in Sources */ = {isa = PBXBuildFile; fileRef = 1171E3FE1BD0E8EF006FBCB9 /* HomeViewController.m */; settings = {ASSET_TAGS = (); }; };
		1171E4021BD0E900006FBCB9 /* PartnersViewController.m in Sources */ = {isa = PBXBuildFile; fileRef = 1171E4011BD0E900006FBCB9 /* PartnersViewController.m */; settings = {ASSET_TAGS = (); }; };
		1171E40B1BD0FD29006FBCB9 /* JOYMakeDonationTableViewCell.m in Sources */ = {isa = PBXBuildFile; fileRef = 1171E40A1BD0FD29006FBCB9 /* JOYMakeDonationTableViewCell.m */; settings = {ASSET_TAGS = (); }; };
		1171E40E1BD10193006FBCB9 /* JOYPreviousDonationsTableViewCell.m in Sources */ = {isa = PBXBuildFile; fileRef = 1171E40D1BD10193006FBCB9 /* JOYPreviousDonationsTableViewCell.m */; settings = {ASSET_TAGS = (); }; };
		11A568FC1BD1EED4003E106C /* JOYDonateeSlot.m in Sources */ = {isa = PBXBuildFile; fileRef = 11A568FB1BD1EED4003E106C /* JOYDonateeSlot.m */; settings = {ASSET_TAGS = (); }; };
		11BEB16E1BD11D460097EC27 /* JOYLoginSignupViewController.m in Sources */ = {isa = PBXBuildFile; fileRef = 11BEB16D1BD11D460097EC27 /* JOYLoginSignupViewController.m */; settings = {ASSET_TAGS = (); }; };
		11BEB1771BD16F4D0097EC27 /* login.storyboard in Resources */ = {isa = PBXBuildFile; fileRef = 11BEB1761BD16F4D0097EC27 /* login.storyboard */; settings = {ASSET_TAGS = (); }; };
		11BEB17B1BD17E5F0097EC27 /* JOYSelectQuantityViewController.m in Sources */ = {isa = PBXBuildFile; fileRef = 11BEB17A1BD17E5F0097EC27 /* JOYSelectQuantityViewController.m */; settings = {ASSET_TAGS = (); }; };
		11BEB17E1BD18A090097EC27 /* JOYSelectNGOViewController.m in Sources */ = {isa = PBXBuildFile; fileRef = 11BEB17D1BD18A090097EC27 /* JOYSelectNGOViewController.m */; settings = {ASSET_TAGS = (); }; };
		11BEB1811BD18E3E0097EC27 /* JOYSelectSlotViewController.m in Sources */ = {isa = PBXBuildFile; fileRef = 11BEB1801BD18E3E0097EC27 /* JOYSelectSlotViewController.m */; settings = {ASSET_TAGS = (); }; };
		11BEB1861BD1D9DE0097EC27 /* JOYConfirmAddressViewController.m in Sources */ = {isa = PBXBuildFile; fileRef = 11BEB1851BD1D9DE0097EC27 /* JOYConfirmAddressViewController.m */; settings = {ASSET_TAGS = (); }; };
		70562C931BD0DDB700E16999 /* main.m in Sources */ = {isa = PBXBuildFile; fileRef = 70562C921BD0DDB700E16999 /* main.m */; };
		70562C961BD0DDB700E16999 /* AppDelegate.m in Sources */ = {isa = PBXBuildFile; fileRef = 70562C951BD0DDB700E16999 /* AppDelegate.m */; };
		70562CAF1BD0DDB700E16999 /* JoyTests.m in Sources */ = {isa = PBXBuildFile; fileRef = 70562CAE1BD0DDB700E16999 /* JoyTests.m */; };
		70562CBA1BD0DDB800E16999 /* JoyUITests.m in Sources */ = {isa = PBXBuildFile; fileRef = 70562CB91BD0DDB800E16999 /* JoyUITests.m */; };
		70562CD61BD0DE4E00E16999 /* Assets.xcassets in Resources */ = {isa = PBXBuildFile; fileRef = 70562CD01BD0DE4E00E16999 /* Assets.xcassets */; settings = {ASSET_TAGS = (); }; };
		70562CD71BD0DE4E00E16999 /* Assets.xcassets in Resources */ = {isa = PBXBuildFile; fileRef = 70562CD01BD0DE4E00E16999 /* Assets.xcassets */; settings = {ASSET_TAGS = (); }; };
		70562CD81BD0DE4E00E16999 /* Assets.xcassets in Resources */ = {isa = PBXBuildFile; fileRef = 70562CD01BD0DE4E00E16999 /* Assets.xcassets */; settings = {ASSET_TAGS = (); }; };
		70562CD91BD0DE4E00E16999 /* LaunchScreen.storyboard in Resources */ = {isa = PBXBuildFile; fileRef = 70562CD21BD0DE4E00E16999 /* LaunchScreen.storyboard */; settings = {ASSET_TAGS = (); }; };
		70562CDA1BD0DE4E00E16999 /* LaunchScreen.storyboard in Resources */ = {isa = PBXBuildFile; fileRef = 70562CD21BD0DE4E00E16999 /* LaunchScreen.storyboard */; settings = {ASSET_TAGS = (); }; };
		70562CDB1BD0DE4E00E16999 /* LaunchScreen.storyboard in Resources */ = {isa = PBXBuildFile; fileRef = 70562CD21BD0DE4E00E16999 /* LaunchScreen.storyboard */; settings = {ASSET_TAGS = (); }; };
		70562D061BD0DFF300E16999 /* EXTRuntimeExtensions.m in Sources */ = {isa = PBXBuildFile; fileRef = 70562CE41BD0DFF300E16999 /* EXTRuntimeExtensions.m */; settings = {ASSET_TAGS = (); }; };
		70562D071BD0DFF300E16999 /* EXTScope.m in Sources */ = {isa = PBXBuildFile; fileRef = 70562CE61BD0DFF300E16999 /* EXTScope.m */; settings = {ASSET_TAGS = (); }; };
		70562D081BD0DFF300E16999 /* Info.plist in Resources */ = {isa = PBXBuildFile; fileRef = 70562CE81BD0DFF300E16999 /* Info.plist */; settings = {ASSET_TAGS = (); }; };
		70562D091BD0DFF300E16999 /* MTLJSONAdapter.m in Sources */ = {isa = PBXBuildFile; fileRef = 70562CEB1BD0DFF300E16999 /* MTLJSONAdapter.m */; settings = {ASSET_TAGS = (); }; };
		70562D0A1BD0DFF300E16999 /* MTLModel+NSCoding.m in Sources */ = {isa = PBXBuildFile; fileRef = 70562CED1BD0DFF300E16999 /* MTLModel+NSCoding.m */; settings = {ASSET_TAGS = (); }; };
		70562D0B1BD0DFF300E16999 /* MTLModel.m in Sources */ = {isa = PBXBuildFile; fileRef = 70562CEF1BD0DFF300E16999 /* MTLModel.m */; settings = {ASSET_TAGS = (); }; };
		70562D0C1BD0DFF300E16999 /* MTLReflection.m in Sources */ = {isa = PBXBuildFile; fileRef = 70562CF11BD0DFF300E16999 /* MTLReflection.m */; settings = {ASSET_TAGS = (); }; };
		70562D0D1BD0DFF300E16999 /* MTLTransformerErrorHandling.m in Sources */ = {isa = PBXBuildFile; fileRef = 70562CF31BD0DFF300E16999 /* MTLTransformerErrorHandling.m */; settings = {ASSET_TAGS = (); }; };
		70562D0E1BD0DFF300E16999 /* MTLValueTransformer.m in Sources */ = {isa = PBXBuildFile; fileRef = 70562CF51BD0DFF300E16999 /* MTLValueTransformer.m */; settings = {ASSET_TAGS = (); }; };
		70562D0F1BD0DFF300E16999 /* NSArray+MTLManipulationAdditions.m in Sources */ = {isa = PBXBuildFile; fileRef = 70562CF71BD0DFF300E16999 /* NSArray+MTLManipulationAdditions.m */; settings = {ASSET_TAGS = (); }; };
		70562D101BD0DFF300E16999 /* NSDictionary+MTLJSONKeyPath.m in Sources */ = {isa = PBXBuildFile; fileRef = 70562CF91BD0DFF300E16999 /* NSDictionary+MTLJSONKeyPath.m */; settings = {ASSET_TAGS = (); }; };
		70562D111BD0DFF300E16999 /* NSDictionary+MTLManipulationAdditions.m in Sources */ = {isa = PBXBuildFile; fileRef = 70562CFB1BD0DFF300E16999 /* NSDictionary+MTLManipulationAdditions.m */; settings = {ASSET_TAGS = (); }; };
		70562D121BD0DFF300E16999 /* NSDictionary+MTLMappingAdditions.m in Sources */ = {isa = PBXBuildFile; fileRef = 70562CFD1BD0DFF300E16999 /* NSDictionary+MTLMappingAdditions.m */; settings = {ASSET_TAGS = (); }; };
		70562D131BD0DFF300E16999 /* NSError+MTLModelException.m in Sources */ = {isa = PBXBuildFile; fileRef = 70562CFF1BD0DFF300E16999 /* NSError+MTLModelException.m */; settings = {ASSET_TAGS = (); }; };
		70562D141BD0DFF300E16999 /* NSObject+MTLComparisonAdditions.m in Sources */ = {isa = PBXBuildFile; fileRef = 70562D011BD0DFF300E16999 /* NSObject+MTLComparisonAdditions.m */; settings = {ASSET_TAGS = (); }; };
		70562D151BD0DFF300E16999 /* NSValueTransformer+MTLInversionAdditions.m in Sources */ = {isa = PBXBuildFile; fileRef = 70562D031BD0DFF300E16999 /* NSValueTransformer+MTLInversionAdditions.m */; settings = {ASSET_TAGS = (); }; };
		70562D161BD0DFF300E16999 /* NSValueTransformer+MTLPredefinedTransformerAdditions.m in Sources */ = {isa = PBXBuildFile; fileRef = 70562D051BD0DFF300E16999 /* NSValueTransformer+MTLPredefinedTransformerAdditions.m */; settings = {ASSET_TAGS = (); }; };
		70562D191BD0F9E100E16999 /* JOYDonation.m in Sources */ = {isa = PBXBuildFile; fileRef = 70562D181BD0F9E100E16999 /* JOYDonation.m */; settings = {ASSET_TAGS = (); }; };
		70562D211BD10F8C00E16999 /* JOYDonatee.m in Sources */ = {isa = PBXBuildFile; fileRef = 70562D201BD10F8C00E16999 /* JOYDonatee.m */; settings = {ASSET_TAGS = (); }; };
		70562D441BD1156900E16999 /* MKAnnotationView+WebCache.m in Sources */ = {isa = PBXBuildFile; fileRef = 70562D241BD1156900E16999 /* MKAnnotationView+WebCache.m */; settings = {ASSET_TAGS = (); }; };
		70562D451BD1156900E16999 /* NSData+ImageContentType.m in Sources */ = {isa = PBXBuildFile; fileRef = 70562D261BD1156900E16999 /* NSData+ImageContentType.m */; settings = {ASSET_TAGS = (); }; };
		70562D461BD1156900E16999 /* SDImageCache.m in Sources */ = {isa = PBXBuildFile; fileRef = 70562D281BD1156900E16999 /* SDImageCache.m */; settings = {ASSET_TAGS = (); }; };
		70562D471BD1156900E16999 /* SDWebImageCompat.m in Sources */ = {isa = PBXBuildFile; fileRef = 70562D2A1BD1156900E16999 /* SDWebImageCompat.m */; settings = {ASSET_TAGS = (); }; };
		70562D481BD1156900E16999 /* SDWebImageDecoder.m in Sources */ = {isa = PBXBuildFile; fileRef = 70562D2C1BD1156900E16999 /* SDWebImageDecoder.m */; settings = {ASSET_TAGS = (); }; };
		70562D491BD1156900E16999 /* SDWebImageDownloader.m in Sources */ = {isa = PBXBuildFile; fileRef = 70562D2E1BD1156900E16999 /* SDWebImageDownloader.m */; settings = {ASSET_TAGS = (); }; };
		70562D4A1BD1156900E16999 /* SDWebImageDownloaderOperation.m in Sources */ = {isa = PBXBuildFile; fileRef = 70562D301BD1156900E16999 /* SDWebImageDownloaderOperation.m */; settings = {ASSET_TAGS = (); }; };
		70562D4B1BD1156900E16999 /* SDWebImageManager.m in Sources */ = {isa = PBXBuildFile; fileRef = 70562D321BD1156900E16999 /* SDWebImageManager.m */; settings = {ASSET_TAGS = (); }; };
		70562D4C1BD1156900E16999 /* SDWebImagePrefetcher.m in Sources */ = {isa = PBXBuildFile; fileRef = 70562D351BD1156900E16999 /* SDWebImagePrefetcher.m */; settings = {ASSET_TAGS = (); }; };
		70562D4D1BD1156900E16999 /* UIButton+WebCache.m in Sources */ = {isa = PBXBuildFile; fileRef = 70562D371BD1156900E16999 /* UIButton+WebCache.m */; settings = {ASSET_TAGS = (); }; };
		70562D4E1BD1156900E16999 /* UIImage+GIF.m in Sources */ = {isa = PBXBuildFile; fileRef = 70562D391BD1156900E16999 /* UIImage+GIF.m */; settings = {ASSET_TAGS = (); }; };
		70562D4F1BD1156900E16999 /* UIImage+MultiFormat.m in Sources */ = {isa = PBXBuildFile; fileRef = 70562D3B1BD1156900E16999 /* UIImage+MultiFormat.m */; settings = {ASSET_TAGS = (); }; };
		70562D501BD1156900E16999 /* UIImage+WebP.m in Sources */ = {isa = PBXBuildFile; fileRef = 70562D3D1BD1156900E16999 /* UIImage+WebP.m */; settings = {ASSET_TAGS = (); }; };
		70562D511BD1156900E16999 /* UIImageView+HighlightedWebCache.m in Sources */ = {isa = PBXBuildFile; fileRef = 70562D3F1BD1156900E16999 /* UIImageView+HighlightedWebCache.m */; settings = {ASSET_TAGS = (); }; };
		70562D521BD1156900E16999 /* UIImageView+WebCache.m in Sources */ = {isa = PBXBuildFile; fileRef = 70562D411BD1156900E16999 /* UIImageView+WebCache.m */; settings = {ASSET_TAGS = (); }; };
		70562D531BD1156900E16999 /* UIView+WebCacheOperation.m in Sources */ = {isa = PBXBuildFile; fileRef = 70562D431BD1156900E16999 /* UIView+WebCacheOperation.m */; settings = {ASSET_TAGS = (); }; };
		70562D561BD146BC00E16999 /* JOYUser.m in Sources */ = {isa = PBXBuildFile; fileRef = 70562D551BD146BC00E16999 /* JOYUser.m */; settings = {ASSET_TAGS = (); }; };
		CA37639B1BD1968C00237A8D /* JOYNGODetailViewController.m in Sources */ = {isa = PBXBuildFile; fileRef = CA37639A1BD1968B00237A8D /* JOYNGODetailViewController.m */; settings = {ASSET_TAGS = (); }; };
		CA7A59801BD1B35500D6ABAF /* Main.storyboard in Resources */ = {isa = PBXBuildFile; fileRef = CA7A597F1BD1B35500D6ABAF /* Main.storyboard */; settings = {ASSET_TAGS = (); }; };
		CA7A59831BD1FF8D00D6ABAF /* JOYDonationSummaryCancelPickUp.m in Sources */ = {isa = PBXBuildFile; fileRef = CA7A59821BD1FF8D00D6ABAF /* JOYDonationSummaryCancelPickUp.m */; settings = {ASSET_TAGS = (); }; };
		CA7A59861BD21CAA00D6ABAF /* JOYSuccessViewController.m in Sources */ = {isa = PBXBuildFile; fileRef = CA7A59851BD21CAA00D6ABAF /* JOYSuccessViewController.m */; settings = {ASSET_TAGS = (); }; };
		CAE565EC1BD0FAB5000E8F21 /* JOYPartnerTableViewCell.m in Sources */ = {isa = PBXBuildFile; fileRef = CAE565EB1BD0FAB5000E8F21 /* JOYPartnerTableViewCell.m */; settings = {ASSET_TAGS = (); }; };
		CAE565F61BD122BE000E8F21 /* JOYDonationSelectViewController.m in Sources */ = {isa = PBXBuildFile; fileRef = CAE565F51BD122BE000E8F21 /* JOYDonationSelectViewController.m */; settings = {ASSET_TAGS = (); }; };
		CAE565FA1BD12913000E8F21 /* JOYDonationSelectTableViewCell.m in Sources */ = {isa = PBXBuildFile; fileRef = CAE565F91BD12913000E8F21 /* JOYDonationSelectTableViewCell.m */; settings = {ASSET_TAGS = (); }; };
		CC0C428E1BD14169007E86C3 /* EditProfileViewController.m in Sources */ = {isa = PBXBuildFile; fileRef = CC0C42891BD14169007E86C3 /* EditProfileViewController.m */; settings = {ASSET_TAGS = (); }; };
		CC0C428F1BD14169007E86C3 /* ProfileViewController.m in Sources */ = {isa = PBXBuildFile; fileRef = CC0C428B1BD14169007E86C3 /* ProfileViewController.m */; settings = {ASSET_TAGS = (); }; };
		CC0C42901BD14169007E86C3 /* ProfileViewControllerTableViewCell.m in Sources */ = {isa = PBXBuildFile; fileRef = CC0C428D1BD14169007E86C3 /* ProfileViewControllerTableViewCell.m */; settings = {ASSET_TAGS = (); }; };
/* End PBXBuildFile section */

/* Begin PBXContainerItemProxy section */
		70562CAB1BD0DDB700E16999 /* PBXContainerItemProxy */ = {
			isa = PBXContainerItemProxy;
			containerPortal = 70562C861BD0DDB700E16999 /* Project object */;
			proxyType = 1;
			remoteGlobalIDString = 70562C8D1BD0DDB700E16999;
			remoteInfo = Joy;
		};
		70562CB61BD0DDB700E16999 /* PBXContainerItemProxy */ = {
			isa = PBXContainerItemProxy;
			containerPortal = 70562C861BD0DDB700E16999 /* Project object */;
			proxyType = 1;
			remoteGlobalIDString = 70562C8D1BD0DDB700E16999;
			remoteInfo = Joy;
		};
/* End PBXContainerItemProxy section */

/* Begin PBXFileReference section */
		1171E3FD1BD0E8EF006FBCB9 /* HomeViewController.h */ = {isa = PBXFileReference; fileEncoding = 4; lastKnownFileType = sourcecode.c.h; path = HomeViewController.h; sourceTree = "<group>"; };
		1171E3FE1BD0E8EF006FBCB9 /* HomeViewController.m */ = {isa = PBXFileReference; fileEncoding = 4; lastKnownFileType = sourcecode.c.objc; path = HomeViewController.m; sourceTree = "<group>"; };
		1171E4001BD0E900006FBCB9 /* PartnersViewController.h */ = {isa = PBXFileReference; fileEncoding = 4; lastKnownFileType = sourcecode.c.h; path = PartnersViewController.h; sourceTree = "<group>"; };
		1171E4011BD0E900006FBCB9 /* PartnersViewController.m */ = {isa = PBXFileReference; fileEncoding = 4; lastKnownFileType = sourcecode.c.objc; path = PartnersViewController.m; sourceTree = "<group>"; };
		1171E4091BD0FD29006FBCB9 /* JOYMakeDonationTableViewCell.h */ = {isa = PBXFileReference; fileEncoding = 4; lastKnownFileType = sourcecode.c.h; path = JOYMakeDonationTableViewCell.h; sourceTree = "<group>"; };
		1171E40A1BD0FD29006FBCB9 /* JOYMakeDonationTableViewCell.m */ = {isa = PBXFileReference; fileEncoding = 4; lastKnownFileType = sourcecode.c.objc; path = JOYMakeDonationTableViewCell.m; sourceTree = "<group>"; };
		1171E40C1BD10193006FBCB9 /* JOYPreviousDonationsTableViewCell.h */ = {isa = PBXFileReference; fileEncoding = 4; lastKnownFileType = sourcecode.c.h; path = JOYPreviousDonationsTableViewCell.h; sourceTree = "<group>"; };
		1171E40D1BD10193006FBCB9 /* JOYPreviousDonationsTableViewCell.m */ = {isa = PBXFileReference; fileEncoding = 4; lastKnownFileType = sourcecode.c.objc; path = JOYPreviousDonationsTableViewCell.m; sourceTree = "<group>"; };
		11A568FA1BD1EED4003E106C /* JOYDonateeSlot.h */ = {isa = PBXFileReference; fileEncoding = 4; lastKnownFileType = sourcecode.c.h; path = JOYDonateeSlot.h; sourceTree = "<group>"; };
		11A568FB1BD1EED4003E106C /* JOYDonateeSlot.m */ = {isa = PBXFileReference; fileEncoding = 4; lastKnownFileType = sourcecode.c.objc; path = JOYDonateeSlot.m; sourceTree = "<group>"; };
		11BEB16C1BD11D460097EC27 /* JOYLoginSignupViewController.h */ = {isa = PBXFileReference; fileEncoding = 4; lastKnownFileType = sourcecode.c.h; path = JOYLoginSignupViewController.h; sourceTree = "<group>"; };
		11BEB16D1BD11D460097EC27 /* JOYLoginSignupViewController.m */ = {isa = PBXFileReference; fileEncoding = 4; lastKnownFileType = sourcecode.c.objc; path = JOYLoginSignupViewController.m; sourceTree = "<group>"; };
		11BEB1761BD16F4D0097EC27 /* login.storyboard */ = {isa = PBXFileReference; fileEncoding = 4; lastKnownFileType = file.storyboard; path = login.storyboard; sourceTree = "<group>"; };
		11BEB1791BD17E5F0097EC27 /* JOYSelectQuantityViewController.h */ = {isa = PBXFileReference; fileEncoding = 4; lastKnownFileType = sourcecode.c.h; path = JOYSelectQuantityViewController.h; sourceTree = "<group>"; };
		11BEB17A1BD17E5F0097EC27 /* JOYSelectQuantityViewController.m */ = {isa = PBXFileReference; fileEncoding = 4; lastKnownFileType = sourcecode.c.objc; path = JOYSelectQuantityViewController.m; sourceTree = "<group>"; };
		11BEB17C1BD18A090097EC27 /* JOYSelectNGOViewController.h */ = {isa = PBXFileReference; fileEncoding = 4; lastKnownFileType = sourcecode.c.h; path = JOYSelectNGOViewController.h; sourceTree = "<group>"; };
		11BEB17D1BD18A090097EC27 /* JOYSelectNGOViewController.m */ = {isa = PBXFileReference; fileEncoding = 4; lastKnownFileType = sourcecode.c.objc; path = JOYSelectNGOViewController.m; sourceTree = "<group>"; };
		11BEB17F1BD18E3E0097EC27 /* JOYSelectSlotViewController.h */ = {isa = PBXFileReference; fileEncoding = 4; lastKnownFileType = sourcecode.c.h; path = JOYSelectSlotViewController.h; sourceTree = "<group>"; };
		11BEB1801BD18E3E0097EC27 /* JOYSelectSlotViewController.m */ = {isa = PBXFileReference; fileEncoding = 4; lastKnownFileType = sourcecode.c.objc; path = JOYSelectSlotViewController.m; sourceTree = "<group>"; };
		11BEB1841BD1D9DE0097EC27 /* JOYConfirmAddressViewController.h */ = {isa = PBXFileReference; fileEncoding = 4; lastKnownFileType = sourcecode.c.h; path = JOYConfirmAddressViewController.h; sourceTree = "<group>"; };
		11BEB1851BD1D9DE0097EC27 /* JOYConfirmAddressViewController.m */ = {isa = PBXFileReference; fileEncoding = 4; lastKnownFileType = sourcecode.c.objc; path = JOYConfirmAddressViewController.m; sourceTree = "<group>"; };
		70562C8E1BD0DDB700E16999 /* Joy.app */ = {isa = PBXFileReference; explicitFileType = wrapper.application; includeInIndex = 0; path = Joy.app; sourceTree = BUILT_PRODUCTS_DIR; };
		70562C921BD0DDB700E16999 /* main.m */ = {isa = PBXFileReference; lastKnownFileType = sourcecode.c.objc; path = main.m; sourceTree = "<group>"; };
		70562C941BD0DDB700E16999 /* AppDelegate.h */ = {isa = PBXFileReference; lastKnownFileType = sourcecode.c.h; path = AppDelegate.h; sourceTree = "<group>"; };
		70562C951BD0DDB700E16999 /* AppDelegate.m */ = {isa = PBXFileReference; lastKnownFileType = sourcecode.c.objc; path = AppDelegate.m; sourceTree = "<group>"; };
		70562CA51BD0DDB700E16999 /* Info.plist */ = {isa = PBXFileReference; lastKnownFileType = text.plist.xml; path = Info.plist; sourceTree = "<group>"; };
		70562CAA1BD0DDB700E16999 /* JoyTests.xctest */ = {isa = PBXFileReference; explicitFileType = wrapper.cfbundle; includeInIndex = 0; path = JoyTests.xctest; sourceTree = BUILT_PRODUCTS_DIR; };
		70562CAE1BD0DDB700E16999 /* JoyTests.m */ = {isa = PBXFileReference; lastKnownFileType = sourcecode.c.objc; path = JoyTests.m; sourceTree = "<group>"; };
		70562CB01BD0DDB700E16999 /* Info.plist */ = {isa = PBXFileReference; lastKnownFileType = text.plist.xml; path = Info.plist; sourceTree = "<group>"; };
		70562CB51BD0DDB700E16999 /* JoyUITests.xctest */ = {isa = PBXFileReference; explicitFileType = wrapper.cfbundle; includeInIndex = 0; path = JoyUITests.xctest; sourceTree = BUILT_PRODUCTS_DIR; };
		70562CB91BD0DDB800E16999 /* JoyUITests.m */ = {isa = PBXFileReference; lastKnownFileType = sourcecode.c.objc; path = JoyUITests.m; sourceTree = "<group>"; };
		70562CBB1BD0DDB800E16999 /* Info.plist */ = {isa = PBXFileReference; lastKnownFileType = text.plist.xml; path = Info.plist; sourceTree = "<group>"; };
		70562CD01BD0DE4E00E16999 /* Assets.xcassets */ = {isa = PBXFileReference; lastKnownFileType = folder.assetcatalog; path = Assets.xcassets; sourceTree = "<group>"; };
		70562CD31BD0DE4E00E16999 /* Base */ = {isa = PBXFileReference; lastKnownFileType = file.storyboard; name = Base; path = Base.lproj/LaunchScreen.storyboard; sourceTree = "<group>"; };
		70562CE21BD0DFF300E16999 /* EXTKeyPathCoding.h */ = {isa = PBXFileReference; fileEncoding = 4; lastKnownFileType = sourcecode.c.h; path = EXTKeyPathCoding.h; sourceTree = "<group>"; };
		70562CE31BD0DFF300E16999 /* EXTRuntimeExtensions.h */ = {isa = PBXFileReference; fileEncoding = 4; lastKnownFileType = sourcecode.c.h; path = EXTRuntimeExtensions.h; sourceTree = "<group>"; };
		70562CE41BD0DFF300E16999 /* EXTRuntimeExtensions.m */ = {isa = PBXFileReference; fileEncoding = 4; lastKnownFileType = sourcecode.c.objc; path = EXTRuntimeExtensions.m; sourceTree = "<group>"; };
		70562CE51BD0DFF300E16999 /* EXTScope.h */ = {isa = PBXFileReference; fileEncoding = 4; lastKnownFileType = sourcecode.c.h; path = EXTScope.h; sourceTree = "<group>"; };
		70562CE61BD0DFF300E16999 /* EXTScope.m */ = {isa = PBXFileReference; fileEncoding = 4; lastKnownFileType = sourcecode.c.objc; path = EXTScope.m; sourceTree = "<group>"; };
		70562CE71BD0DFF300E16999 /* metamacros.h */ = {isa = PBXFileReference; fileEncoding = 4; lastKnownFileType = sourcecode.c.h; path = metamacros.h; sourceTree = "<group>"; };
		70562CE81BD0DFF300E16999 /* Info.plist */ = {isa = PBXFileReference; fileEncoding = 4; lastKnownFileType = text.plist.xml; path = Info.plist; sourceTree = "<group>"; };
		70562CE91BD0DFF300E16999 /* Mantle.h */ = {isa = PBXFileReference; fileEncoding = 4; lastKnownFileType = sourcecode.c.h; path = Mantle.h; sourceTree = "<group>"; };
		70562CEA1BD0DFF300E16999 /* MTLJSONAdapter.h */ = {isa = PBXFileReference; fileEncoding = 4; lastKnownFileType = sourcecode.c.h; path = MTLJSONAdapter.h; sourceTree = "<group>"; };
		70562CEB1BD0DFF300E16999 /* MTLJSONAdapter.m */ = {isa = PBXFileReference; fileEncoding = 4; lastKnownFileType = sourcecode.c.objc; path = MTLJSONAdapter.m; sourceTree = "<group>"; };
		70562CEC1BD0DFF300E16999 /* MTLModel+NSCoding.h */ = {isa = PBXFileReference; fileEncoding = 4; lastKnownFileType = sourcecode.c.h; path = "MTLModel+NSCoding.h"; sourceTree = "<group>"; };
		70562CED1BD0DFF300E16999 /* MTLModel+NSCoding.m */ = {isa = PBXFileReference; fileEncoding = 4; lastKnownFileType = sourcecode.c.objc; path = "MTLModel+NSCoding.m"; sourceTree = "<group>"; };
		70562CEE1BD0DFF300E16999 /* MTLModel.h */ = {isa = PBXFileReference; fileEncoding = 4; lastKnownFileType = sourcecode.c.h; path = MTLModel.h; sourceTree = "<group>"; };
		70562CEF1BD0DFF300E16999 /* MTLModel.m */ = {isa = PBXFileReference; fileEncoding = 4; lastKnownFileType = sourcecode.c.objc; path = MTLModel.m; sourceTree = "<group>"; };
		70562CF01BD0DFF300E16999 /* MTLReflection.h */ = {isa = PBXFileReference; fileEncoding = 4; lastKnownFileType = sourcecode.c.h; path = MTLReflection.h; sourceTree = "<group>"; };
		70562CF11BD0DFF300E16999 /* MTLReflection.m */ = {isa = PBXFileReference; fileEncoding = 4; lastKnownFileType = sourcecode.c.objc; path = MTLReflection.m; sourceTree = "<group>"; };
		70562CF21BD0DFF300E16999 /* MTLTransformerErrorHandling.h */ = {isa = PBXFileReference; fileEncoding = 4; lastKnownFileType = sourcecode.c.h; path = MTLTransformerErrorHandling.h; sourceTree = "<group>"; };
		70562CF31BD0DFF300E16999 /* MTLTransformerErrorHandling.m */ = {isa = PBXFileReference; fileEncoding = 4; lastKnownFileType = sourcecode.c.objc; path = MTLTransformerErrorHandling.m; sourceTree = "<group>"; };
		70562CF41BD0DFF300E16999 /* MTLValueTransformer.h */ = {isa = PBXFileReference; fileEncoding = 4; lastKnownFileType = sourcecode.c.h; path = MTLValueTransformer.h; sourceTree = "<group>"; };
		70562CF51BD0DFF300E16999 /* MTLValueTransformer.m */ = {isa = PBXFileReference; fileEncoding = 4; lastKnownFileType = sourcecode.c.objc; path = MTLValueTransformer.m; sourceTree = "<group>"; };
		70562CF61BD0DFF300E16999 /* NSArray+MTLManipulationAdditions.h */ = {isa = PBXFileReference; fileEncoding = 4; lastKnownFileType = sourcecode.c.h; path = "NSArray+MTLManipulationAdditions.h"; sourceTree = "<group>"; };
		70562CF71BD0DFF300E16999 /* NSArray+MTLManipulationAdditions.m */ = {isa = PBXFileReference; fileEncoding = 4; lastKnownFileType = sourcecode.c.objc; path = "NSArray+MTLManipulationAdditions.m"; sourceTree = "<group>"; };
		70562CF81BD0DFF300E16999 /* NSDictionary+MTLJSONKeyPath.h */ = {isa = PBXFileReference; fileEncoding = 4; lastKnownFileType = sourcecode.c.h; path = "NSDictionary+MTLJSONKeyPath.h"; sourceTree = "<group>"; };
		70562CF91BD0DFF300E16999 /* NSDictionary+MTLJSONKeyPath.m */ = {isa = PBXFileReference; fileEncoding = 4; lastKnownFileType = sourcecode.c.objc; path = "NSDictionary+MTLJSONKeyPath.m"; sourceTree = "<group>"; };
		70562CFA1BD0DFF300E16999 /* NSDictionary+MTLManipulationAdditions.h */ = {isa = PBXFileReference; fileEncoding = 4; lastKnownFileType = sourcecode.c.h; path = "NSDictionary+MTLManipulationAdditions.h"; sourceTree = "<group>"; };
		70562CFB1BD0DFF300E16999 /* NSDictionary+MTLManipulationAdditions.m */ = {isa = PBXFileReference; fileEncoding = 4; lastKnownFileType = sourcecode.c.objc; path = "NSDictionary+MTLManipulationAdditions.m"; sourceTree = "<group>"; };
		70562CFC1BD0DFF300E16999 /* NSDictionary+MTLMappingAdditions.h */ = {isa = PBXFileReference; fileEncoding = 4; lastKnownFileType = sourcecode.c.h; path = "NSDictionary+MTLMappingAdditions.h"; sourceTree = "<group>"; };
		70562CFD1BD0DFF300E16999 /* NSDictionary+MTLMappingAdditions.m */ = {isa = PBXFileReference; fileEncoding = 4; lastKnownFileType = sourcecode.c.objc; path = "NSDictionary+MTLMappingAdditions.m"; sourceTree = "<group>"; };
		70562CFE1BD0DFF300E16999 /* NSError+MTLModelException.h */ = {isa = PBXFileReference; fileEncoding = 4; lastKnownFileType = sourcecode.c.h; path = "NSError+MTLModelException.h"; sourceTree = "<group>"; };
		70562CFF1BD0DFF300E16999 /* NSError+MTLModelException.m */ = {isa = PBXFileReference; fileEncoding = 4; lastKnownFileType = sourcecode.c.objc; path = "NSError+MTLModelException.m"; sourceTree = "<group>"; };
		70562D001BD0DFF300E16999 /* NSObject+MTLComparisonAdditions.h */ = {isa = PBXFileReference; fileEncoding = 4; lastKnownFileType = sourcecode.c.h; path = "NSObject+MTLComparisonAdditions.h"; sourceTree = "<group>"; };
		70562D011BD0DFF300E16999 /* NSObject+MTLComparisonAdditions.m */ = {isa = PBXFileReference; fileEncoding = 4; lastKnownFileType = sourcecode.c.objc; path = "NSObject+MTLComparisonAdditions.m"; sourceTree = "<group>"; };
		70562D021BD0DFF300E16999 /* NSValueTransformer+MTLInversionAdditions.h */ = {isa = PBXFileReference; fileEncoding = 4; lastKnownFileType = sourcecode.c.h; path = "NSValueTransformer+MTLInversionAdditions.h"; sourceTree = "<group>"; };
		70562D031BD0DFF300E16999 /* NSValueTransformer+MTLInversionAdditions.m */ = {isa = PBXFileReference; fileEncoding = 4; lastKnownFileType = sourcecode.c.objc; path = "NSValueTransformer+MTLInversionAdditions.m"; sourceTree = "<group>"; };
		70562D041BD0DFF300E16999 /* NSValueTransformer+MTLPredefinedTransformerAdditions.h */ = {isa = PBXFileReference; fileEncoding = 4; lastKnownFileType = sourcecode.c.h; path = "NSValueTransformer+MTLPredefinedTransformerAdditions.h"; sourceTree = "<group>"; };
		70562D051BD0DFF300E16999 /* NSValueTransformer+MTLPredefinedTransformerAdditions.m */ = {isa = PBXFileReference; fileEncoding = 4; lastKnownFileType = sourcecode.c.objc; path = "NSValueTransformer+MTLPredefinedTransformerAdditions.m"; sourceTree = "<group>"; };
		70562D171BD0F9E100E16999 /* JOYDonation.h */ = {isa = PBXFileReference; fileEncoding = 4; lastKnownFileType = sourcecode.c.h; path = JOYDonation.h; sourceTree = "<group>"; };
		70562D181BD0F9E100E16999 /* JOYDonation.m */ = {isa = PBXFileReference; fileEncoding = 4; lastKnownFileType = sourcecode.c.objc; path = JOYDonation.m; sourceTree = "<group>"; };
		70562D1B1BD1037000E16999 /* JOYConstants.h */ = {isa = PBXFileReference; lastKnownFileType = sourcecode.c.h; path = JOYConstants.h; sourceTree = "<group>"; };
		70562D1E1BD1089D00E16999 /* PrefixHeader.pch */ = {isa = PBXFileReference; lastKnownFileType = sourcecode.c.h; path = PrefixHeader.pch; sourceTree = "<group>"; };
		70562D1F1BD10F8C00E16999 /* JOYDonatee.h */ = {isa = PBXFileReference; fileEncoding = 4; lastKnownFileType = sourcecode.c.h; path = JOYDonatee.h; sourceTree = "<group>"; };
		70562D201BD10F8C00E16999 /* JOYDonatee.m */ = {isa = PBXFileReference; fileEncoding = 4; lastKnownFileType = sourcecode.c.objc; path = JOYDonatee.m; sourceTree = "<group>"; };
		70562D231BD1156900E16999 /* MKAnnotationView+WebCache.h */ = {isa = PBXFileReference; fileEncoding = 4; lastKnownFileType = sourcecode.c.h; path = "MKAnnotationView+WebCache.h"; sourceTree = "<group>"; };
		70562D241BD1156900E16999 /* MKAnnotationView+WebCache.m */ = {isa = PBXFileReference; fileEncoding = 4; lastKnownFileType = sourcecode.c.objc; path = "MKAnnotationView+WebCache.m"; sourceTree = "<group>"; };
		70562D251BD1156900E16999 /* NSData+ImageContentType.h */ = {isa = PBXFileReference; fileEncoding = 4; lastKnownFileType = sourcecode.c.h; path = "NSData+ImageContentType.h"; sourceTree = "<group>"; };
		70562D261BD1156900E16999 /* NSData+ImageContentType.m */ = {isa = PBXFileReference; fileEncoding = 4; lastKnownFileType = sourcecode.c.objc; path = "NSData+ImageContentType.m"; sourceTree = "<group>"; };
		70562D271BD1156900E16999 /* SDImageCache.h */ = {isa = PBXFileReference; fileEncoding = 4; lastKnownFileType = sourcecode.c.h; path = SDImageCache.h; sourceTree = "<group>"; };
		70562D281BD1156900E16999 /* SDImageCache.m */ = {isa = PBXFileReference; fileEncoding = 4; lastKnownFileType = sourcecode.c.objc; path = SDImageCache.m; sourceTree = "<group>"; };
		70562D291BD1156900E16999 /* SDWebImageCompat.h */ = {isa = PBXFileReference; fileEncoding = 4; lastKnownFileType = sourcecode.c.h; path = SDWebImageCompat.h; sourceTree = "<group>"; };
		70562D2A1BD1156900E16999 /* SDWebImageCompat.m */ = {isa = PBXFileReference; fileEncoding = 4; lastKnownFileType = sourcecode.c.objc; path = SDWebImageCompat.m; sourceTree = "<group>"; };
		70562D2B1BD1156900E16999 /* SDWebImageDecoder.h */ = {isa = PBXFileReference; fileEncoding = 4; lastKnownFileType = sourcecode.c.h; path = SDWebImageDecoder.h; sourceTree = "<group>"; };
		70562D2C1BD1156900E16999 /* SDWebImageDecoder.m */ = {isa = PBXFileReference; fileEncoding = 4; lastKnownFileType = sourcecode.c.objc; path = SDWebImageDecoder.m; sourceTree = "<group>"; };
		70562D2D1BD1156900E16999 /* SDWebImageDownloader.h */ = {isa = PBXFileReference; fileEncoding = 4; lastKnownFileType = sourcecode.c.h; path = SDWebImageDownloader.h; sourceTree = "<group>"; };
		70562D2E1BD1156900E16999 /* SDWebImageDownloader.m */ = {isa = PBXFileReference; fileEncoding = 4; lastKnownFileType = sourcecode.c.objc; path = SDWebImageDownloader.m; sourceTree = "<group>"; };
		70562D2F1BD1156900E16999 /* SDWebImageDownloaderOperation.h */ = {isa = PBXFileReference; fileEncoding = 4; lastKnownFileType = sourcecode.c.h; path = SDWebImageDownloaderOperation.h; sourceTree = "<group>"; };
		70562D301BD1156900E16999 /* SDWebImageDownloaderOperation.m */ = {isa = PBXFileReference; fileEncoding = 4; lastKnownFileType = sourcecode.c.objc; path = SDWebImageDownloaderOperation.m; sourceTree = "<group>"; };
		70562D311BD1156900E16999 /* SDWebImageManager.h */ = {isa = PBXFileReference; fileEncoding = 4; lastKnownFileType = sourcecode.c.h; path = SDWebImageManager.h; sourceTree = "<group>"; };
		70562D321BD1156900E16999 /* SDWebImageManager.m */ = {isa = PBXFileReference; fileEncoding = 4; lastKnownFileType = sourcecode.c.objc; path = SDWebImageManager.m; sourceTree = "<group>"; };
		70562D331BD1156900E16999 /* SDWebImageOperation.h */ = {isa = PBXFileReference; fileEncoding = 4; lastKnownFileType = sourcecode.c.h; path = SDWebImageOperation.h; sourceTree = "<group>"; };
		70562D341BD1156900E16999 /* SDWebImagePrefetcher.h */ = {isa = PBXFileReference; fileEncoding = 4; lastKnownFileType = sourcecode.c.h; path = SDWebImagePrefetcher.h; sourceTree = "<group>"; };
		70562D351BD1156900E16999 /* SDWebImagePrefetcher.m */ = {isa = PBXFileReference; fileEncoding = 4; lastKnownFileType = sourcecode.c.objc; path = SDWebImagePrefetcher.m; sourceTree = "<group>"; };
		70562D361BD1156900E16999 /* UIButton+WebCache.h */ = {isa = PBXFileReference; fileEncoding = 4; lastKnownFileType = sourcecode.c.h; path = "UIButton+WebCache.h"; sourceTree = "<group>"; };
		70562D371BD1156900E16999 /* UIButton+WebCache.m */ = {isa = PBXFileReference; fileEncoding = 4; lastKnownFileType = sourcecode.c.objc; path = "UIButton+WebCache.m"; sourceTree = "<group>"; };
		70562D381BD1156900E16999 /* UIImage+GIF.h */ = {isa = PBXFileReference; fileEncoding = 4; lastKnownFileType = sourcecode.c.h; path = "UIImage+GIF.h"; sourceTree = "<group>"; };
		70562D391BD1156900E16999 /* UIImage+GIF.m */ = {isa = PBXFileReference; fileEncoding = 4; lastKnownFileType = sourcecode.c.objc; path = "UIImage+GIF.m"; sourceTree = "<group>"; };
		70562D3A1BD1156900E16999 /* UIImage+MultiFormat.h */ = {isa = PBXFileReference; fileEncoding = 4; lastKnownFileType = sourcecode.c.h; path = "UIImage+MultiFormat.h"; sourceTree = "<group>"; };
		70562D3B1BD1156900E16999 /* UIImage+MultiFormat.m */ = {isa = PBXFileReference; fileEncoding = 4; lastKnownFileType = sourcecode.c.objc; path = "UIImage+MultiFormat.m"; sourceTree = "<group>"; };
		70562D3C1BD1156900E16999 /* UIImage+WebP.h */ = {isa = PBXFileReference; fileEncoding = 4; lastKnownFileType = sourcecode.c.h; path = "UIImage+WebP.h"; sourceTree = "<group>"; };
		70562D3D1BD1156900E16999 /* UIImage+WebP.m */ = {isa = PBXFileReference; fileEncoding = 4; lastKnownFileType = sourcecode.c.objc; path = "UIImage+WebP.m"; sourceTree = "<group>"; };
		70562D3E1BD1156900E16999 /* UIImageView+HighlightedWebCache.h */ = {isa = PBXFileReference; fileEncoding = 4; lastKnownFileType = sourcecode.c.h; path = "UIImageView+HighlightedWebCache.h"; sourceTree = "<group>"; };
		70562D3F1BD1156900E16999 /* UIImageView+HighlightedWebCache.m */ = {isa = PBXFileReference; fileEncoding = 4; lastKnownFileType = sourcecode.c.objc; path = "UIImageView+HighlightedWebCache.m"; sourceTree = "<group>"; };
		70562D401BD1156900E16999 /* UIImageView+WebCache.h */ = {isa = PBXFileReference; fileEncoding = 4; lastKnownFileType = sourcecode.c.h; path = "UIImageView+WebCache.h"; sourceTree = "<group>"; };
		70562D411BD1156900E16999 /* UIImageView+WebCache.m */ = {isa = PBXFileReference; fileEncoding = 4; lastKnownFileType = sourcecode.c.objc; path = "UIImageView+WebCache.m"; sourceTree = "<group>"; };
		70562D421BD1156900E16999 /* UIView+WebCacheOperation.h */ = {isa = PBXFileReference; fileEncoding = 4; lastKnownFileType = sourcecode.c.h; path = "UIView+WebCacheOperation.h"; sourceTree = "<group>"; };
		70562D431BD1156900E16999 /* UIView+WebCacheOperation.m */ = {isa = PBXFileReference; fileEncoding = 4; lastKnownFileType = sourcecode.c.objc; path = "UIView+WebCacheOperation.m"; sourceTree = "<group>"; };
		70562D541BD146BC00E16999 /* JOYUser.h */ = {isa = PBXFileReference; fileEncoding = 4; lastKnownFileType = sourcecode.c.h; path = JOYUser.h; sourceTree = "<group>"; };
		70562D551BD146BC00E16999 /* JOYUser.m */ = {isa = PBXFileReference; fileEncoding = 4; lastKnownFileType = sourcecode.c.objc; path = JOYUser.m; sourceTree = "<group>"; };
		CA3763991BD1968B00237A8D /* JOYNGODetailViewController.h */ = {isa = PBXFileReference; fileEncoding = 4; lastKnownFileType = sourcecode.c.h; path = JOYNGODetailViewController.h; sourceTree = "<group>"; };
		CA37639A1BD1968B00237A8D /* JOYNGODetailViewController.m */ = {isa = PBXFileReference; fileEncoding = 4; lastKnownFileType = sourcecode.c.objc; path = JOYNGODetailViewController.m; sourceTree = "<group>"; };
		CA7A597F1BD1B35500D6ABAF /* Main.storyboard */ = {isa = PBXFileReference; fileEncoding = 4; lastKnownFileType = file.storyboard; path = Main.storyboard; sourceTree = "<group>"; };
		CA7A59811BD1FF8D00D6ABAF /* JOYDonationSummaryCancelPickUp.h */ = {isa = PBXFileReference; fileEncoding = 4; lastKnownFileType = sourcecode.c.h; path = JOYDonationSummaryCancelPickUp.h; sourceTree = "<group>"; };
		CA7A59821BD1FF8D00D6ABAF /* JOYDonationSummaryCancelPickUp.m */ = {isa = PBXFileReference; fileEncoding = 4; lastKnownFileType = sourcecode.c.objc; path = JOYDonationSummaryCancelPickUp.m; sourceTree = "<group>"; };
		CA7A59841BD21CAA00D6ABAF /* JOYSuccessViewController.h */ = {isa = PBXFileReference; fileEncoding = 4; lastKnownFileType = sourcecode.c.h; path = JOYSuccessViewController.h; sourceTree = "<group>"; };
		CA7A59851BD21CAA00D6ABAF /* JOYSuccessViewController.m */ = {isa = PBXFileReference; fileEncoding = 4; lastKnownFileType = sourcecode.c.objc; path = JOYSuccessViewController.m; sourceTree = "<group>"; };
		CAE565EA1BD0FAB5000E8F21 /* JOYPartnerTableViewCell.h */ = {isa = PBXFileReference; fileEncoding = 4; lastKnownFileType = sourcecode.c.h; path = JOYPartnerTableViewCell.h; sourceTree = "<group>"; };
		CAE565EB1BD0FAB5000E8F21 /* JOYPartnerTableViewCell.m */ = {isa = PBXFileReference; fileEncoding = 4; lastKnownFileType = sourcecode.c.objc; path = JOYPartnerTableViewCell.m; sourceTree = "<group>"; };
		CAE565F41BD122BE000E8F21 /* JOYDonationSelectViewController.h */ = {isa = PBXFileReference; fileEncoding = 4; lastKnownFileType = sourcecode.c.h; path = JOYDonationSelectViewController.h; sourceTree = "<group>"; };
		CAE565F51BD122BE000E8F21 /* JOYDonationSelectViewController.m */ = {isa = PBXFileReference; fileEncoding = 4; lastKnownFileType = sourcecode.c.objc; path = JOYDonationSelectViewController.m; sourceTree = "<group>"; };
		CAE565F81BD12913000E8F21 /* JOYDonationSelectTableViewCell.h */ = {isa = PBXFileReference; fileEncoding = 4; lastKnownFileType = sourcecode.c.h; path = JOYDonationSelectTableViewCell.h; sourceTree = "<group>"; };
		CAE565F91BD12913000E8F21 /* JOYDonationSelectTableViewCell.m */ = {isa = PBXFileReference; fileEncoding = 4; lastKnownFileType = sourcecode.c.objc; path = JOYDonationSelectTableViewCell.m; sourceTree = "<group>"; };
		CC0C42881BD14169007E86C3 /* EditProfileViewController.h */ = {isa = PBXFileReference; fileEncoding = 4; lastKnownFileType = sourcecode.c.h; path = EditProfileViewController.h; sourceTree = "<group>"; };
		CC0C42891BD14169007E86C3 /* EditProfileViewController.m */ = {isa = PBXFileReference; fileEncoding = 4; lastKnownFileType = sourcecode.c.objc; path = EditProfileViewController.m; sourceTree = "<group>"; };
		CC0C428A1BD14169007E86C3 /* ProfileViewController.h */ = {isa = PBXFileReference; fileEncoding = 4; lastKnownFileType = sourcecode.c.h; path = ProfileViewController.h; sourceTree = "<group>"; };
		CC0C428B1BD14169007E86C3 /* ProfileViewController.m */ = {isa = PBXFileReference; fileEncoding = 4; lastKnownFileType = sourcecode.c.objc; path = ProfileViewController.m; sourceTree = "<group>"; };
		CC0C428C1BD14169007E86C3 /* ProfileViewControllerTableViewCell.h */ = {isa = PBXFileReference; fileEncoding = 4; lastKnownFileType = sourcecode.c.h; path = ProfileViewControllerTableViewCell.h; sourceTree = "<group>"; };
		CC0C428D1BD14169007E86C3 /* ProfileViewControllerTableViewCell.m */ = {isa = PBXFileReference; fileEncoding = 4; lastKnownFileType = sourcecode.c.objc; path = ProfileViewControllerTableViewCell.m; sourceTree = "<group>"; };
/* End PBXFileReference section */

/* Begin PBXFrameworksBuildPhase section */
		70562C8B1BD0DDB700E16999 /* Frameworks */ = {
			isa = PBXFrameworksBuildPhase;
			buildActionMask = 2147483647;
			files = (
			);
			runOnlyForDeploymentPostprocessing = 0;
		};
		70562CA71BD0DDB700E16999 /* Frameworks */ = {
			isa = PBXFrameworksBuildPhase;
			buildActionMask = 2147483647;
			files = (
			);
			runOnlyForDeploymentPostprocessing = 0;
		};
		70562CB21BD0DDB700E16999 /* Frameworks */ = {
			isa = PBXFrameworksBuildPhase;
			buildActionMask = 2147483647;
			files = (
			);
			runOnlyForDeploymentPostprocessing = 0;
		};
/* End PBXFrameworksBuildPhase section */

/* Begin PBXGroup section */
		70562C851BD0DDB700E16999 = {
			isa = PBXGroup;
			children = (
				70562C901BD0DDB700E16999 /* Joy */,
				70562CDF1BD0DFF300E16999 /* Libraries */,
				70562CAD1BD0DDB700E16999 /* JoyTests */,
				70562CB81BD0DDB700E16999 /* JoyUITests */,
				70562C8F1BD0DDB700E16999 /* Products */,
			);
			sourceTree = "<group>";
		};
		70562C8F1BD0DDB700E16999 /* Products */ = {
			isa = PBXGroup;
			children = (
				70562C8E1BD0DDB700E16999 /* Joy.app */,
				70562CAA1BD0DDB700E16999 /* JoyTests.xctest */,
				70562CB51BD0DDB700E16999 /* JoyUITests.xctest */,
			);
			name = Products;
			sourceTree = "<group>";
		};
		70562C901BD0DDB700E16999 /* Joy */ = {
			isa = PBXGroup;
			children = (
				70562CCE1BD0DE4E00E16999 /* Models */,
				70562CC71BD0DDF600E16999 /* ViewControllers */,
				70562CD11BD0DE4E00E16999 /* Views */,
				70562CCF1BD0DE4E00E16999 /* Resources */,
				70562C911BD0DDB700E16999 /* Supporting Files */,
			);
			path = Joy;
			sourceTree = "<group>";
		};
		70562C911BD0DDB700E16999 /* Supporting Files */ = {
			isa = PBXGroup;
			children = (
				70562C941BD0DDB700E16999 /* AppDelegate.h */,
				70562C951BD0DDB700E16999 /* AppDelegate.m */,
				70562D1B1BD1037000E16999 /* JOYConstants.h */,
				70562D1E1BD1089D00E16999 /* PrefixHeader.pch */,
				70562CA51BD0DDB700E16999 /* Info.plist */,
				70562C921BD0DDB700E16999 /* main.m */,
			);
			name = "Supporting Files";
			sourceTree = "<group>";
		};
		70562CAD1BD0DDB700E16999 /* JoyTests */ = {
			isa = PBXGroup;
			children = (
				70562CAE1BD0DDB700E16999 /* JoyTests.m */,
				70562CB01BD0DDB700E16999 /* Info.plist */,
			);
			path = JoyTests;
			sourceTree = "<group>";
		};
		70562CB81BD0DDB700E16999 /* JoyUITests */ = {
			isa = PBXGroup;
			children = (
				70562CB91BD0DDB800E16999 /* JoyUITests.m */,
				70562CBB1BD0DDB800E16999 /* Info.plist */,
			);
			path = JoyUITests;
			sourceTree = "<group>";
		};
		70562CC71BD0DDF600E16999 /* ViewControllers */ = {
			isa = PBXGroup;
			children = (
				CC0C42881BD14169007E86C3 /* EditProfileViewController.h */,
				CC0C42891BD14169007E86C3 /* EditProfileViewController.m */,
				CC0C428A1BD14169007E86C3 /* ProfileViewController.h */,
				CC0C428B1BD14169007E86C3 /* ProfileViewController.m */,
				CC0C428C1BD14169007E86C3 /* ProfileViewControllerTableViewCell.h */,
				CC0C428D1BD14169007E86C3 /* ProfileViewControllerTableViewCell.m */,
				CAE565F01BD1210F000E8F21 /* HomeControllers */,
				CAE565F41BD122BE000E8F21 /* JOYDonationSelectViewController.h */,
				CAE565F51BD122BE000E8F21 /* JOYDonationSelectViewController.m */,
				11BEB1791BD17E5F0097EC27 /* JOYSelectQuantityViewController.h */,
				11BEB17A1BD17E5F0097EC27 /* JOYSelectQuantityViewController.m */,
				11BEB17C1BD18A090097EC27 /* JOYSelectNGOViewController.h */,
				11BEB17D1BD18A090097EC27 /* JOYSelectNGOViewController.m */,
				11BEB17F1BD18E3E0097EC27 /* JOYSelectSlotViewController.h */,
				11BEB1801BD18E3E0097EC27 /* JOYSelectSlotViewController.m */,
				1171E3FD1BD0E8EF006FBCB9 /* HomeViewController.h */,
				1171E3FE1BD0E8EF006FBCB9 /* HomeViewController.m */,
				1171E4001BD0E900006FBCB9 /* PartnersViewController.h */,
				1171E4011BD0E900006FBCB9 /* PartnersViewController.m */,
				11BEB16C1BD11D460097EC27 /* JOYLoginSignupViewController.h */,
				11BEB16D1BD11D460097EC27 /* JOYLoginSignupViewController.m */,
				CA3763991BD1968B00237A8D /* JOYNGODetailViewController.h */,
				CA37639A1BD1968B00237A8D /* JOYNGODetailViewController.m */,
				11BEB1841BD1D9DE0097EC27 /* JOYConfirmAddressViewController.h */,
				11BEB1851BD1D9DE0097EC27 /* JOYConfirmAddressViewController.m */,
				CA7A59811BD1FF8D00D6ABAF /* JOYDonationSummaryCancelPickUp.h */,
				CA7A59821BD1FF8D00D6ABAF /* JOYDonationSummaryCancelPickUp.m */,
				CA7A59841BD21CAA00D6ABAF /* JOYSuccessViewController.h */,
				CA7A59851BD21CAA00D6ABAF /* JOYSuccessViewController.m */,
			);
			path = ViewControllers;
			sourceTree = "<group>";
		};
		70562CCE1BD0DE4E00E16999 /* Models */ = {
			isa = PBXGroup;
			children = (
				70562D171BD0F9E100E16999 /* JOYDonation.h */,
				70562D181BD0F9E100E16999 /* JOYDonation.m */,
				70562D1F1BD10F8C00E16999 /* JOYDonatee.h */,
				70562D201BD10F8C00E16999 /* JOYDonatee.m */,
				70562D541BD146BC00E16999 /* JOYUser.h */,
				70562D551BD146BC00E16999 /* JOYUser.m */,
				11A568FA1BD1EED4003E106C /* JOYDonateeSlot.h */,
				11A568FB1BD1EED4003E106C /* JOYDonateeSlot.m */,
			);
			path = Models;
			sourceTree = "<group>";
		};
		70562CCF1BD0DE4E00E16999 /* Resources */ = {
			isa = PBXGroup;
			children = (
				70562CD01BD0DE4E00E16999 /* Assets.xcassets */,
			);
			path = Resources;
			sourceTree = "<group>";
		};
		70562CD11BD0DE4E00E16999 /* Views */ = {
			isa = PBXGroup;
			children = (
				CAE565F71BD128B4000E8F21 /* DonationSelectTableViewCell */,
				CAE565E91BD0FA60000E8F21 /* PartnerTableview */,
				70562CD21BD0DE4E00E16999 /* LaunchScreen.storyboard */,
				CA7A597F1BD1B35500D6ABAF /* Main.storyboard */,
				11BEB1761BD16F4D0097EC27 /* login.storyboard */,
				1171E40C1BD10193006FBCB9 /* JOYPreviousDonationsTableViewCell.h */,
				1171E40D1BD10193006FBCB9 /* JOYPreviousDonationsTableViewCell.m */,
				1171E4091BD0FD29006FBCB9 /* JOYMakeDonationTableViewCell.h */,
				1171E40A1BD0FD29006FBCB9 /* JOYMakeDonationTableViewCell.m */,
			);
			path = Views;
			sourceTree = "<group>";
		};
		70562CDF1BD0DFF300E16999 /* Libraries */ = {
			isa = PBXGroup;
			children = (
				70562D221BD1156900E16999 /* SDWebImage */,
				70562CE01BD0DFF300E16999 /* Mantle */,
			);
			path = Libraries;
			sourceTree = "<group>";
		};
		70562CE01BD0DFF300E16999 /* Mantle */ = {
			isa = PBXGroup;
			children = (
				70562CE11BD0DFF300E16999 /* extobjc */,
				70562CE81BD0DFF300E16999 /* Info.plist */,
				70562CE91BD0DFF300E16999 /* Mantle.h */,
				70562CEA1BD0DFF300E16999 /* MTLJSONAdapter.h */,
				70562CEB1BD0DFF300E16999 /* MTLJSONAdapter.m */,
				70562CEC1BD0DFF300E16999 /* MTLModel+NSCoding.h */,
				70562CED1BD0DFF300E16999 /* MTLModel+NSCoding.m */,
				70562CEE1BD0DFF300E16999 /* MTLModel.h */,
				70562CEF1BD0DFF300E16999 /* MTLModel.m */,
				70562CF01BD0DFF300E16999 /* MTLReflection.h */,
				70562CF11BD0DFF300E16999 /* MTLReflection.m */,
				70562CF21BD0DFF300E16999 /* MTLTransformerErrorHandling.h */,
				70562CF31BD0DFF300E16999 /* MTLTransformerErrorHandling.m */,
				70562CF41BD0DFF300E16999 /* MTLValueTransformer.h */,
				70562CF51BD0DFF300E16999 /* MTLValueTransformer.m */,
				70562CF61BD0DFF300E16999 /* NSArray+MTLManipulationAdditions.h */,
				70562CF71BD0DFF300E16999 /* NSArray+MTLManipulationAdditions.m */,
				70562CF81BD0DFF300E16999 /* NSDictionary+MTLJSONKeyPath.h */,
				70562CF91BD0DFF300E16999 /* NSDictionary+MTLJSONKeyPath.m */,
				70562CFA1BD0DFF300E16999 /* NSDictionary+MTLManipulationAdditions.h */,
				70562CFB1BD0DFF300E16999 /* NSDictionary+MTLManipulationAdditions.m */,
				70562CFC1BD0DFF300E16999 /* NSDictionary+MTLMappingAdditions.h */,
				70562CFD1BD0DFF300E16999 /* NSDictionary+MTLMappingAdditions.m */,
				70562CFE1BD0DFF300E16999 /* NSError+MTLModelException.h */,
				70562CFF1BD0DFF300E16999 /* NSError+MTLModelException.m */,
				70562D001BD0DFF300E16999 /* NSObject+MTLComparisonAdditions.h */,
				70562D011BD0DFF300E16999 /* NSObject+MTLComparisonAdditions.m */,
				70562D021BD0DFF300E16999 /* NSValueTransformer+MTLInversionAdditions.h */,
				70562D031BD0DFF300E16999 /* NSValueTransformer+MTLInversionAdditions.m */,
				70562D041BD0DFF300E16999 /* NSValueTransformer+MTLPredefinedTransformerAdditions.h */,
				70562D051BD0DFF300E16999 /* NSValueTransformer+MTLPredefinedTransformerAdditions.m */,
			);
			path = Mantle;
			sourceTree = "<group>";
		};
		70562CE11BD0DFF300E16999 /* extobjc */ = {
			isa = PBXGroup;
			children = (
				70562CE21BD0DFF300E16999 /* EXTKeyPathCoding.h */,
				70562CE31BD0DFF300E16999 /* EXTRuntimeExtensions.h */,
				70562CE41BD0DFF300E16999 /* EXTRuntimeExtensions.m */,
				70562CE51BD0DFF300E16999 /* EXTScope.h */,
				70562CE61BD0DFF300E16999 /* EXTScope.m */,
				70562CE71BD0DFF300E16999 /* metamacros.h */,
			);
			path = extobjc;
			sourceTree = "<group>";
		};
		70562D221BD1156900E16999 /* SDWebImage */ = {
			isa = PBXGroup;
			children = (
				70562D231BD1156900E16999 /* MKAnnotationView+WebCache.h */,
				70562D241BD1156900E16999 /* MKAnnotationView+WebCache.m */,
				70562D251BD1156900E16999 /* NSData+ImageContentType.h */,
				70562D261BD1156900E16999 /* NSData+ImageContentType.m */,
				70562D271BD1156900E16999 /* SDImageCache.h */,
				70562D281BD1156900E16999 /* SDImageCache.m */,
				70562D291BD1156900E16999 /* SDWebImageCompat.h */,
				70562D2A1BD1156900E16999 /* SDWebImageCompat.m */,
				70562D2B1BD1156900E16999 /* SDWebImageDecoder.h */,
				70562D2C1BD1156900E16999 /* SDWebImageDecoder.m */,
				70562D2D1BD1156900E16999 /* SDWebImageDownloader.h */,
				70562D2E1BD1156900E16999 /* SDWebImageDownloader.m */,
				70562D2F1BD1156900E16999 /* SDWebImageDownloaderOperation.h */,
				70562D301BD1156900E16999 /* SDWebImageDownloaderOperation.m */,
				70562D311BD1156900E16999 /* SDWebImageManager.h */,
				70562D321BD1156900E16999 /* SDWebImageManager.m */,
				70562D331BD1156900E16999 /* SDWebImageOperation.h */,
				70562D341BD1156900E16999 /* SDWebImagePrefetcher.h */,
				70562D351BD1156900E16999 /* SDWebImagePrefetcher.m */,
				70562D361BD1156900E16999 /* UIButton+WebCache.h */,
				70562D371BD1156900E16999 /* UIButton+WebCache.m */,
				70562D381BD1156900E16999 /* UIImage+GIF.h */,
				70562D391BD1156900E16999 /* UIImage+GIF.m */,
				70562D3A1BD1156900E16999 /* UIImage+MultiFormat.h */,
				70562D3B1BD1156900E16999 /* UIImage+MultiFormat.m */,
				70562D3C1BD1156900E16999 /* UIImage+WebP.h */,
				70562D3D1BD1156900E16999 /* UIImage+WebP.m */,
				70562D3E1BD1156900E16999 /* UIImageView+HighlightedWebCache.h */,
				70562D3F1BD1156900E16999 /* UIImageView+HighlightedWebCache.m */,
				70562D401BD1156900E16999 /* UIImageView+WebCache.h */,
				70562D411BD1156900E16999 /* UIImageView+WebCache.m */,
				70562D421BD1156900E16999 /* UIView+WebCacheOperation.h */,
				70562D431BD1156900E16999 /* UIView+WebCacheOperation.m */,
			);
			path = SDWebImage;
			sourceTree = "<group>";
		};
		CAE565E91BD0FA60000E8F21 /* PartnerTableview */ = {
			isa = PBXGroup;
			children = (
				CAE565EA1BD0FAB5000E8F21 /* JOYPartnerTableViewCell.h */,
				CAE565EB1BD0FAB5000E8F21 /* JOYPartnerTableViewCell.m */,
			);
			name = PartnerTableview;
			sourceTree = "<group>";
		};
		CAE565F01BD1210F000E8F21 /* HomeControllers */ = {
			isa = PBXGroup;
			children = (
			);
			name = HomeControllers;
			sourceTree = "<group>";
		};
		CAE565F71BD128B4000E8F21 /* DonationSelectTableViewCell */ = {
			isa = PBXGroup;
			children = (
				CAE565F81BD12913000E8F21 /* JOYDonationSelectTableViewCell.h */,
				CAE565F91BD12913000E8F21 /* JOYDonationSelectTableViewCell.m */,
			);
			name = DonationSelectTableViewCell;
			sourceTree = "<group>";
		};
/* End PBXGroup section */

/* Begin PBXNativeTarget section */
		70562C8D1BD0DDB700E16999 /* Joy */ = {
			isa = PBXNativeTarget;
			buildConfigurationList = 70562CBE1BD0DDB800E16999 /* Build configuration list for PBXNativeTarget "Joy" */;
			buildPhases = (
				70562C8A1BD0DDB700E16999 /* Sources */,
				70562C8B1BD0DDB700E16999 /* Frameworks */,
				70562C8C1BD0DDB700E16999 /* Resources */,
			);
			buildRules = (
			);
			dependencies = (
			);
			name = Joy;
			productName = Joy;
			productReference = 70562C8E1BD0DDB700E16999 /* Joy.app */;
			productType = "com.apple.product-type.application";
		};
		70562CA91BD0DDB700E16999 /* JoyTests */ = {
			isa = PBXNativeTarget;
			buildConfigurationList = 70562CC11BD0DDB800E16999 /* Build configuration list for PBXNativeTarget "JoyTests" */;
			buildPhases = (
				70562CA61BD0DDB700E16999 /* Sources */,
				70562CA71BD0DDB700E16999 /* Frameworks */,
				70562CA81BD0DDB700E16999 /* Resources */,
			);
			buildRules = (
			);
			dependencies = (
				70562CAC1BD0DDB700E16999 /* PBXTargetDependency */,
			);
			name = JoyTests;
			productName = JoyTests;
			productReference = 70562CAA1BD0DDB700E16999 /* JoyTests.xctest */;
			productType = "com.apple.product-type.bundle.unit-test";
		};
		70562CB41BD0DDB700E16999 /* JoyUITests */ = {
			isa = PBXNativeTarget;
			buildConfigurationList = 70562CC41BD0DDB800E16999 /* Build configuration list for PBXNativeTarget "JoyUITests" */;
			buildPhases = (
				70562CB11BD0DDB700E16999 /* Sources */,
				70562CB21BD0DDB700E16999 /* Frameworks */,
				70562CB31BD0DDB700E16999 /* Resources */,
			);
			buildRules = (
			);
			dependencies = (
				70562CB71BD0DDB700E16999 /* PBXTargetDependency */,
			);
			name = JoyUITests;
			productName = JoyUITests;
			productReference = 70562CB51BD0DDB700E16999 /* JoyUITests.xctest */;
			productType = "com.apple.product-type.bundle.ui-testing";
		};
/* End PBXNativeTarget section */

/* Begin PBXProject section */
		70562C861BD0DDB700E16999 /* Project object */ = {
			isa = PBXProject;
			attributes = {
				CLASSPREFIX = JOY;
				LastUpgradeCheck = 0700;
				ORGANIZATIONNAME = "Pirates of Powai";
				TargetAttributes = {
					70562C8D1BD0DDB700E16999 = {
						CreatedOnToolsVersion = 7.0.1;
					};
					70562CA91BD0DDB700E16999 = {
						CreatedOnToolsVersion = 7.0.1;
						TestTargetID = 70562C8D1BD0DDB700E16999;
					};
					70562CB41BD0DDB700E16999 = {
						CreatedOnToolsVersion = 7.0.1;
						TestTargetID = 70562C8D1BD0DDB700E16999;
					};
				};
			};
			buildConfigurationList = 70562C891BD0DDB700E16999 /* Build configuration list for PBXProject "Joy" */;
			compatibilityVersion = "Xcode 3.2";
			developmentRegion = English;
			hasScannedForEncodings = 0;
			knownRegions = (
				en,
				Base,
			);
			mainGroup = 70562C851BD0DDB700E16999;
			productRefGroup = 70562C8F1BD0DDB700E16999 /* Products */;
			projectDirPath = "";
			projectRoot = "";
			targets = (
				70562C8D1BD0DDB700E16999 /* Joy */,
				70562CA91BD0DDB700E16999 /* JoyTests */,
				70562CB41BD0DDB700E16999 /* JoyUITests */,
			);
		};
/* End PBXProject section */

/* Begin PBXResourcesBuildPhase section */
		70562C8C1BD0DDB700E16999 /* Resources */ = {
			isa = PBXResourcesBuildPhase;
			buildActionMask = 2147483647;
			files = (
				70562D081BD0DFF300E16999 /* Info.plist in Resources */,
				70562CD61BD0DE4E00E16999 /* Assets.xcassets in Resources */,
				CA7A59801BD1B35500D6ABAF /* Main.storyboard in Resources */,
				11BEB1771BD16F4D0097EC27 /* login.storyboard in Resources */,
				70562CD91BD0DE4E00E16999 /* LaunchScreen.storyboard in Resources */,
			);
			runOnlyForDeploymentPostprocessing = 0;
		};
		70562CA81BD0DDB700E16999 /* Resources */ = {
			isa = PBXResourcesBuildPhase;
			buildActionMask = 2147483647;
			files = (
				70562CD71BD0DE4E00E16999 /* Assets.xcassets in Resources */,
				70562CDA1BD0DE4E00E16999 /* LaunchScreen.storyboard in Resources */,
			);
			runOnlyForDeploymentPostprocessing = 0;
		};
		70562CB31BD0DDB700E16999 /* Resources */ = {
			isa = PBXResourcesBuildPhase;
			buildActionMask = 2147483647;
			files = (
				70562CD81BD0DE4E00E16999 /* Assets.xcassets in Resources */,
				70562CDB1BD0DE4E00E16999 /* LaunchScreen.storyboard in Resources */,
			);
			runOnlyForDeploymentPostprocessing = 0;
		};
/* End PBXResourcesBuildPhase section */

/* Begin PBXSourcesBuildPhase section */
		70562C8A1BD0DDB700E16999 /* Sources */ = {
			isa = PBXSourcesBuildPhase;
			buildActionMask = 2147483647;
			files = (
				11BEB17B1BD17E5F0097EC27 /* JOYSelectQuantityViewController.m in Sources */,
				70562D071BD0DFF300E16999 /* EXTScope.m in Sources */,
				70562D531BD1156900E16999 /* UIView+WebCacheOperation.m in Sources */,
				70562D151BD0DFF300E16999 /* NSValueTransformer+MTLInversionAdditions.m in Sources */,
				70562D521BD1156900E16999 /* UIImageView+WebCache.m in Sources */,
				70562D161BD0DFF300E16999 /* NSValueTransformer+MTLPredefinedTransformerAdditions.m in Sources */,
				1171E40E1BD10193006FBCB9 /* JOYPreviousDonationsTableViewCell.m in Sources */,
				CC0C42901BD14169007E86C3 /* ProfileViewControllerTableViewCell.m in Sources */,
				1171E4021BD0E900006FBCB9 /* PartnersViewController.m in Sources */,
				70562D451BD1156900E16999 /* NSData+ImageContentType.m in Sources */,
				70562D141BD0DFF300E16999 /* NSObject+MTLComparisonAdditions.m in Sources */,
				CA7A59831BD1FF8D00D6ABAF /* JOYDonationSummaryCancelPickUp.m in Sources */,
				70562D4D1BD1156900E16999 /* UIButton+WebCache.m in Sources */,
				11BEB1811BD18E3E0097EC27 /* JOYSelectSlotViewController.m in Sources */,
				70562D4C1BD1156900E16999 /* SDWebImagePrefetcher.m in Sources */,
				CA7A59861BD21CAA00D6ABAF /* JOYSuccessViewController.m in Sources */,
				1171E3FF1BD0E8EF006FBCB9 /* HomeViewController.m in Sources */,
				CC0C428E1BD14169007E86C3 /* EditProfileViewController.m in Sources */,
				CAE565FA1BD12913000E8F21 /* JOYDonationSelectTableViewCell.m in Sources */,
				70562D0B1BD0DFF300E16999 /* MTLModel.m in Sources */,
				70562D511BD1156900E16999 /* UIImageView+HighlightedWebCache.m in Sources */,
				70562D121BD0DFF300E16999 /* NSDictionary+MTLMappingAdditions.m in Sources */,
				70562D211BD10F8C00E16999 /* JOYDonatee.m in Sources */,
				70562D4B1BD1156900E16999 /* SDWebImageManager.m in Sources */,
				CC0C428F1BD14169007E86C3 /* ProfileViewController.m in Sources */,
				70562D0F1BD0DFF300E16999 /* NSArray+MTLManipulationAdditions.m in Sources */,
				70562D131BD0DFF300E16999 /* NSError+MTLModelException.m in Sources */,
				70562D061BD0DFF300E16999 /* EXTRuntimeExtensions.m in Sources */,
				CAE565F61BD122BE000E8F21 /* JOYDonationSelectViewController.m in Sources */,
				70562D4E1BD1156900E16999 /* UIImage+GIF.m in Sources */,
				70562C961BD0DDB700E16999 /* AppDelegate.m in Sources */,
				70562D0E1BD0DFF300E16999 /* MTLValueTransformer.m in Sources */,
				11BEB16E1BD11D460097EC27 /* JOYLoginSignupViewController.m in Sources */,
				11BEB1861BD1D9DE0097EC27 /* JOYConfirmAddressViewController.m in Sources */,
				70562D0A1BD0DFF300E16999 /* MTLModel+NSCoding.m in Sources */,
				70562D4F1BD1156900E16999 /* UIImage+MultiFormat.m in Sources */,
				70562D4A1BD1156900E16999 /* SDWebImageDownloaderOperation.m in Sources */,
				70562D091BD0DFF300E16999 /* MTLJSONAdapter.m in Sources */,
				70562D0C1BD0DFF300E16999 /* MTLReflection.m in Sources */,
				70562D101BD0DFF300E16999 /* NSDictionary+MTLJSONKeyPath.m in Sources */,
				70562D481BD1156900E16999 /* SDWebImageDecoder.m in Sources */,
				CA37639B1BD1968C00237A8D /* JOYNGODetailViewController.m in Sources */,
				70562D501BD1156900E16999 /* UIImage+WebP.m in Sources */,
				70562D471BD1156900E16999 /* SDWebImageCompat.m in Sources */,
				70562C931BD0DDB700E16999 /* main.m in Sources */,
				11A568FC1BD1EED4003E106C /* JOYDonateeSlot.m in Sources */,
				CAE565EC1BD0FAB5000E8F21 /* JOYPartnerTableViewCell.m in Sources */,
				70562D561BD146BC00E16999 /* JOYUser.m in Sources */,
				70562D111BD0DFF300E16999 /* NSDictionary+MTLManipulationAdditions.m in Sources */,
				70562D491BD1156900E16999 /* SDWebImageDownloader.m in Sources */,
				70562D441BD1156900E16999 /* MKAnnotationView+WebCache.m in Sources */,
				1171E40B1BD0FD29006FBCB9 /* JOYMakeDonationTableViewCell.m in Sources */,
				11BEB17E1BD18A090097EC27 /* JOYSelectNGOViewController.m in Sources */,
				70562D191BD0F9E100E16999 /* JOYDonation.m in Sources */,
				70562D0D1BD0DFF300E16999 /* MTLTransformerErrorHandling.m in Sources */,
				70562D461BD1156900E16999 /* SDImageCache.m in Sources */,
			);
			runOnlyForDeploymentPostprocessing = 0;
		};
		70562CA61BD0DDB700E16999 /* Sources */ = {
			isa = PBXSourcesBuildPhase;
			buildActionMask = 2147483647;
			files = (
				70562CAF1BD0DDB700E16999 /* JoyTests.m in Sources */,
			);
			runOnlyForDeploymentPostprocessing = 0;
		};
		70562CB11BD0DDB700E16999 /* Sources */ = {
			isa = PBXSourcesBuildPhase;
			buildActionMask = 2147483647;
			files = (
				70562CBA1BD0DDB800E16999 /* JoyUITests.m in Sources */,
			);
			runOnlyForDeploymentPostprocessing = 0;
		};
/* End PBXSourcesBuildPhase section */

/* Begin PBXTargetDependency section */
		70562CAC1BD0DDB700E16999 /* PBXTargetDependency */ = {
			isa = PBXTargetDependency;
			target = 70562C8D1BD0DDB700E16999 /* Joy */;
			targetProxy = 70562CAB1BD0DDB700E16999 /* PBXContainerItemProxy */;
		};
		70562CB71BD0DDB700E16999 /* PBXTargetDependency */ = {
			isa = PBXTargetDependency;
			target = 70562C8D1BD0DDB700E16999 /* Joy */;
			targetProxy = 70562CB61BD0DDB700E16999 /* PBXContainerItemProxy */;
		};
/* End PBXTargetDependency section */

/* Begin PBXVariantGroup section */
		70562CD21BD0DE4E00E16999 /* LaunchScreen.storyboard */ = {
			isa = PBXVariantGroup;
			children = (
				70562CD31BD0DE4E00E16999 /* Base */,
			);
			name = LaunchScreen.storyboard;
			sourceTree = "<group>";
		};
/* End PBXVariantGroup section */

/* Begin XCBuildConfiguration section */
		70562CBC1BD0DDB800E16999 /* Debug */ = {
			isa = XCBuildConfiguration;
			buildSettings = {
				ALWAYS_SEARCH_USER_PATHS = NO;
				CLANG_CXX_LANGUAGE_STANDARD = "gnu++0x";
				CLANG_CXX_LIBRARY = "libc++";
				CLANG_ENABLE_MODULES = YES;
				CLANG_ENABLE_OBJC_ARC = YES;
				CLANG_WARN_BOOL_CONVERSION = YES;
				CLANG_WARN_CONSTANT_CONVERSION = YES;
				CLANG_WARN_DIRECT_OBJC_ISA_USAGE = YES_ERROR;
				CLANG_WARN_EMPTY_BODY = YES;
				CLANG_WARN_ENUM_CONVERSION = YES;
				CLANG_WARN_INT_CONVERSION = YES;
				CLANG_WARN_OBJC_ROOT_CLASS = YES_ERROR;
				CLANG_WARN_UNREACHABLE_CODE = YES;
				CLANG_WARN__DUPLICATE_METHOD_MATCH = YES;
				"CODE_SIGN_IDENTITY[sdk=iphoneos*]" = "iPhone Developer";
				COPY_PHASE_STRIP = NO;
				DEBUG_INFORMATION_FORMAT = dwarf;
				ENABLE_STRICT_OBJC_MSGSEND = YES;
				ENABLE_TESTABILITY = YES;
				GCC_C_LANGUAGE_STANDARD = gnu99;
				GCC_DYNAMIC_NO_PIC = NO;
				GCC_NO_COMMON_BLOCKS = YES;
				GCC_OPTIMIZATION_LEVEL = 0;
				GCC_PREFIX_HEADER = Joy/PrefixHeader.pch;
				GCC_PREPROCESSOR_DEFINITIONS = (
					"DEBUG=1",
					"$(inherited)",
				);
				GCC_WARN_64_TO_32_BIT_CONVERSION = YES;
				GCC_WARN_ABOUT_RETURN_TYPE = YES_ERROR;
				GCC_WARN_UNDECLARED_SELECTOR = YES;
				GCC_WARN_UNINITIALIZED_AUTOS = YES_AGGRESSIVE;
				GCC_WARN_UNUSED_FUNCTION = YES;
				GCC_WARN_UNUSED_VARIABLE = YES;
				HEADER_SEARCH_PATHS = "";
				IPHONEOS_DEPLOYMENT_TARGET = 9.0;
				MTL_ENABLE_DEBUG_INFO = YES;
				ONLY_ACTIVE_ARCH = YES;
				SDKROOT = iphoneos;
			};
			name = Debug;
		};
		70562CBD1BD0DDB800E16999 /* Release */ = {
			isa = XCBuildConfiguration;
			buildSettings = {
				ALWAYS_SEARCH_USER_PATHS = NO;
				CLANG_CXX_LANGUAGE_STANDARD = "gnu++0x";
				CLANG_CXX_LIBRARY = "libc++";
				CLANG_ENABLE_MODULES = YES;
				CLANG_ENABLE_OBJC_ARC = YES;
				CLANG_WARN_BOOL_CONVERSION = YES;
				CLANG_WARN_CONSTANT_CONVERSION = YES;
				CLANG_WARN_DIRECT_OBJC_ISA_USAGE = YES_ERROR;
				CLANG_WARN_EMPTY_BODY = YES;
				CLANG_WARN_ENUM_CONVERSION = YES;
				CLANG_WARN_INT_CONVERSION = YES;
				CLANG_WARN_OBJC_ROOT_CLASS = YES_ERROR;
				CLANG_WARN_UNREACHABLE_CODE = YES;
				CLANG_WARN__DUPLICATE_METHOD_MATCH = YES;
				"CODE_SIGN_IDENTITY[sdk=iphoneos*]" = "iPhone Developer";
				COPY_PHASE_STRIP = NO;
				DEBUG_INFORMATION_FORMAT = "dwarf-with-dsym";
				ENABLE_NS_ASSERTIONS = NO;
				ENABLE_STRICT_OBJC_MSGSEND = YES;
				GCC_C_LANGUAGE_STANDARD = gnu99;
				GCC_NO_COMMON_BLOCKS = YES;
				GCC_PREFIX_HEADER = Joy/PrefixHeader.pch;
				GCC_WARN_64_TO_32_BIT_CONVERSION = YES;
				GCC_WARN_ABOUT_RETURN_TYPE = YES_ERROR;
				GCC_WARN_UNDECLARED_SELECTOR = YES;
				GCC_WARN_UNINITIALIZED_AUTOS = YES_AGGRESSIVE;
				GCC_WARN_UNUSED_FUNCTION = YES;
				GCC_WARN_UNUSED_VARIABLE = YES;
				HEADER_SEARCH_PATHS = "";
				IPHONEOS_DEPLOYMENT_TARGET = 9.0;
				MTL_ENABLE_DEBUG_INFO = NO;
				SDKROOT = iphoneos;
				VALIDATE_PRODUCT = YES;
			};
			name = Release;
		};
		70562CBF1BD0DDB800E16999 /* Debug */ = {
			isa = XCBuildConfiguration;
			buildSettings = {
				ASSETCATALOG_COMPILER_APPICON_NAME = AppIcon;
				GCC_PRECOMPILE_PREFIX_HEADER = YES;
				INFOPLIST_FILE = Joy/Info.plist;
				IPHONEOS_DEPLOYMENT_TARGET = 8.0;
				LD_RUNPATH_SEARCH_PATHS = "$(inherited) @executable_path/Frameworks";
				PRODUCT_BUNDLE_IDENTIFIER = com.housing.iphone.hack2.joy;
				PRODUCT_NAME = "$(TARGET_NAME)";
			};
			name = Debug;
		};
		70562CC01BD0DDB800E16999 /* Release */ = {
			isa = XCBuildConfiguration;
			buildSettings = {
				ASSETCATALOG_COMPILER_APPICON_NAME = AppIcon;
				GCC_PRECOMPILE_PREFIX_HEADER = YES;
				INFOPLIST_FILE = Joy/Info.plist;
				IPHONEOS_DEPLOYMENT_TARGET = 8.0;
				LD_RUNPATH_SEARCH_PATHS = "$(inherited) @executable_path/Frameworks";
				PRODUCT_BUNDLE_IDENTIFIER = com.housing.iphone.hack2.joy;
				PRODUCT_NAME = "$(TARGET_NAME)";
			};
			name = Release;
		};
		70562CC21BD0DDB800E16999 /* Debug */ = {
			isa = XCBuildConfiguration;
			buildSettings = {
				BUNDLE_LOADER = "$(TEST_HOST)";
				INFOPLIST_FILE = JoyTests/Info.plist;
				LD_RUNPATH_SEARCH_PATHS = "$(inherited) @executable_path/Frameworks @loader_path/Frameworks";
				PRODUCT_BUNDLE_IDENTIFIER = com.housing.iphone.hack2.joy.JoyTests;
				PRODUCT_NAME = "$(TARGET_NAME)";
				TEST_HOST = "$(BUILT_PRODUCTS_DIR)/Joy.app/Joy";
			};
			name = Debug;
		};
		70562CC31BD0DDB800E16999 /* Release */ = {
			isa = XCBuildConfiguration;
			buildSettings = {
				BUNDLE_LOADER = "$(TEST_HOST)";
				INFOPLIST_FILE = JoyTests/Info.plist;
				LD_RUNPATH_SEARCH_PATHS = "$(inherited) @executable_path/Frameworks @loader_path/Frameworks";
				PRODUCT_BUNDLE_IDENTIFIER = com.housing.iphone.hack2.joy.JoyTests;
				PRODUCT_NAME = "$(TARGET_NAME)";
				TEST_HOST = "$(BUILT_PRODUCTS_DIR)/Joy.app/Joy";
			};
			name = Release;
		};
		70562CC51BD0DDB800E16999 /* Debug */ = {
			isa = XCBuildConfiguration;
			buildSettings = {
				INFOPLIST_FILE = JoyUITests/Info.plist;
				LD_RUNPATH_SEARCH_PATHS = "$(inherited) @executable_path/Frameworks @loader_path/Frameworks";
				PRODUCT_BUNDLE_IDENTIFIER = com.housing.iphone.hack2.joy.JoyUITests;
				PRODUCT_NAME = "$(TARGET_NAME)";
				TEST_TARGET_NAME = Joy;
				USES_XCTRUNNER = YES;
			};
			name = Debug;
		};
		70562CC61BD0DDB800E16999 /* Release */ = {
			isa = XCBuildConfiguration;
			buildSettings = {
				INFOPLIST_FILE = JoyUITests/Info.plist;
				LD_RUNPATH_SEARCH_PATHS = "$(inherited) @executable_path/Frameworks @loader_path/Frameworks";
				PRODUCT_BUNDLE_IDENTIFIER = com.housing.iphone.hack2.joy.JoyUITests;
				PRODUCT_NAME = "$(TARGET_NAME)";
				TEST_TARGET_NAME = Joy;
				USES_XCTRUNNER = YES;
			};
			name = Release;
		};
/* End XCBuildConfiguration section */

/* Begin XCConfigurationList section */
		70562C891BD0DDB700E16999 /* Build configuration list for PBXProject "Joy" */ = {
			isa = XCConfigurationList;
			buildConfigurations = (
				70562CBC1BD0DDB800E16999 /* Debug */,
				70562CBD1BD0DDB800E16999 /* Release */,
			);
			defaultConfigurationIsVisible = 0;
			defaultConfigurationName = Release;
		};
		70562CBE1BD0DDB800E16999 /* Build configuration list for PBXNativeTarget "Joy" */ = {
			isa = XCConfigurationList;
			buildConfigurations = (
				70562CBF1BD0DDB800E16999 /* Debug */,
				70562CC01BD0DDB800E16999 /* Release */,
			);
			defaultConfigurationIsVisible = 0;
			defaultConfigurationName = Release;
		};
		70562CC11BD0DDB800E16999 /* Build configuration list for PBXNativeTarget "JoyTests" */ = {
			isa = XCConfigurationList;
			buildConfigurations = (
				70562CC21BD0DDB800E16999 /* Debug */,
				70562CC31BD0DDB800E16999 /* Release */,
			);
			defaultConfigurationIsVisible = 0;
			defaultConfigurationName = Release;
		};
		70562CC41BD0DDB800E16999 /* Build configuration list for PBXNativeTarget "JoyUITests" */ = {
			isa = XCConfigurationList;
			buildConfigurations = (
				70562CC51BD0DDB800E16999 /* Debug */,
				70562CC61BD0DDB800E16999 /* Release */,
			);
			defaultConfigurationIsVisible = 0;
			defaultConfigurationName = Release;
		};
/* End XCConfigurationList section */
	};
	rootObject = 70562C861BD0DDB700E16999 /* Project object */;
}
